
Microsoft Visual Studio Solution File, Format Version 12.00
# Visual Studio 15
VisualStudioVersion = 15.0.27428.1
MinimumVisualStudioVersion = 10.0.40219.1
Project("{888888A0-9F3D-457C-B088-3A5042F75D52}") = "DiscordBot", "DiscordBot\DiscordBot.pyproj", "{E7812C62-848E-46A2-93B2-9416CA814BDF}"
EndProject
Global
	GlobalSection(SolutionConfigurationPlatforms) = preSolution
		Debug|Any CPU = Debug|Any CPU
		Release|Any CPU = Release|Any CPU
	EndGlobalSection
	GlobalSection(ProjectConfigurationPlatforms) = postSolution
		{E7812C62-848E-46A2-93B2-9416CA814BDF}.Debug|Any CPU.ActiveCfg = Debug|Any CPU
		{E7812C62-848E-46A2-93B2-9416CA814BDF}.Release|Any CPU.ActiveCfg = Release|Any CPU
	EndGlobalSection
	GlobalSection(SolutionProperties) = preSolution
		HideSolutionNode = FALSE
	EndGlobalSection
	GlobalSection(ExtensibilityGlobals) = postSolution
		SolutionGuid = {1105C47F-0933-4BBC-9C5F-1924562CA846}
	EndGlobalSection
EndGlobal
